lockfileVersion: 5.4

specifiers:
  '@types/node': 18.11.9
  concurrently: ^7.5.0

devDependencies:
  '@types/node': registry.npmjs.org/@types/node/18.11.9
  concurrently: registry.npmjs.org/concurrently/7.5.0

packages:

  registry.npmjs.org/@types/node/18.11.9:
    resolution: {integrity: sha512-CRpX21/kGdzjOpFsZSkcrXMGIBWMGNIHXXBVFSH+ggkftxg+XYP20TESbh+zFvFj3EQOl5byk0HTRn1IL6hbqg==, registry: https://registry.npmjs.com/, tarball: https://registry.npmjs.org/@types/node/-/node-18.11.9.tgz}
    name: '@types/node'
    version: 18.11.9
    dev: true

  registry.npmjs.org/ansi-regex/5.0.1:
    resolution: {integrity: sha512-quJQXlTSUGL2LH9SUXo8VwsY4soanhgo6LNSm84E1LBcE8s3O0wpdiRzyR9z/ZZJMlMWv37qOOb9pdJlMUEKFQ==, registry: https://registry.npmjs.com/, tarball: https://registry.npmjs.org/ansi-regex/-/ansi-regex-5.0.1.tgz}
    name: ansi-regex
    version: 5.0.1
    engines: {node: '>=8'}
    dev: true

  registry.npmjs.org/ansi-styles/4.3.0:
    resolution: {integrity: sha512-zbB9rCJAT1rbjiVDb2hqKFHNYLxgtk8NURxZ3IZwD3F6NtxbXZQCnnSi1Lkx+IDohdPlFp222wVALIheZJQSEg==, registry: https://registry.npmjs.com/, tarball: https://registry.npmjs.org/ansi-styles/-/ansi-styles-4.3.0.tgz}
    name: ansi-styles
    version: 4.3.0
    engines: {node: '>=8'}
    dependencies:
      color-convert: registry.npmjs.org/color-convert/2.0.1
    dev: true

  registry.npmjs.org/chalk/4.1.2:
    resolution: {integrity: sha512-oKnbhFyRIXpUuez8iBMmyEa4nbj4IOQyuhc/wy9kY7/WVPcwIO9VA668Pu8RkO7+0G76SLROeyw9CpQ061i4mA==, registry: https://registry.npmjs.com/, tarball: https://registry.npmjs.org/chalk/-/chalk-4.1.2.tgz}
    name: chalk
    version: 4.1.2
    engines: {node: '>=10'}
    dependencies:
      ansi-styles: registry.npmjs.org/ansi-styles/4.3.0
      supports-color: registry.npmjs.org/supports-color/7.2.0
    dev: true

  registry.npmjs.org/cliui/8.0.1:
    resolution: {integrity: sha512-BSeNnyus75C4//NQ9gQt1/csTXyo/8Sb+afLAkzAptFuMsod9HFokGNudZpi/oQV73hnVK+sR+5PVRMd+Dr7YQ==, registry: https://registry.npmjs.com/, tarball: https://registry.npmjs.org/cliui/-/cliui-8.0.1.tgz}
    name: cliui
    version: 8.0.1
    engines: {node: '>=12'}
    dependencies:
      string-width: registry.npmjs.org/string-width/4.2.3
      strip-ansi: registry.npmjs.org/strip-ansi/6.0.1
      wrap-ansi: registry.npmjs.org/wrap-ansi/7.0.0
    dev: true

  registry.npmjs.org/color-convert/2.0.1:
    resolution: {integrity: sha512-RRECPsj7iu/xb5oKYcsFHSppFNnsj/52OVTRKb4zP5onXwVF3zVmmToNcOfGC+CRDpfK/U584fMg38ZHCaElKQ==, registry: https://registry.npmjs.com/, tarball: https://registry.npmjs.org/color-convert/-/color-convert-2.0.1.tgz}
    name: color-convert
    version: 2.0.1
    engines: {node: '>=7.0.0'}
    dependencies:
      color-name: registry.npmjs.org/color-name/1.1.4
    dev: true

  registry.npmjs.org/color-name/1.1.4:
    resolution: {integrity: sha512-dOy+3AuW3a2wNbZHIuMZpTcgjGuLU/uBL/ubcZF9OXbDo8ff4O8yVp5Bf0efS8uEoYo5q4Fx7dY9OgQGXgAsQA==, registry: https://registry.npmjs.com/, tarball: https://registry.npmjs.org/color-name/-/color-name-1.1.4.tgz}
    name: color-name
    version: 1.1.4
    dev: true

  registry.npmjs.org/concurrently/7.5.0:
    resolution: {integrity: sha512-5E3mwiS+i2JYBzr5BpXkFxOnleZTMsG+WnE/dCG4/P+oiVXrbmrBwJ2ozn4SxwB2EZDrKR568X+puVohxz3/Mg==, registry: https://registry.npmjs.com/, tarball: https://registry.npmjs.org/concurrently/-/concurrently-7.5.0.tgz}
    name: concurrently
    version: 7.5.0
    engines: {node: ^12.20.0 || ^14.13.0 || >=16.0.0}
    hasBin: true
    dependencies:
      chalk: registry.npmjs.org/chalk/4.1.2
      date-fns: registry.npmjs.org/date-fns/2.29.3
      lodash: registry.npmjs.org/lodash/4.17.21
      rxjs: registry.npmjs.org/rxjs/7.5.7
      shell-quote: registry.npmjs.org/shell-quote/1.7.4
      spawn-command: registry.npmjs.org/spawn-command/0.0.2-1
      supports-color: registry.npmjs.org/supports-color/8.1.1
      tree-kill: registry.npmjs.org/tree-kill/1.2.2
      yargs: registry.npmjs.org/yargs/17.6.2
    dev: true

  registry.npmjs.org/date-fns/2.29.3:
    resolution: {integrity: sha512-dDCnyH2WnnKusqvZZ6+jA1O51Ibt8ZMRNkDZdyAyK4YfbDwa/cEmuztzG5pk6hqlp9aSBPYcjOlktquahGwGeA==, registry: https://registry.npmjs.com/, tarball: https://registry.npmjs.org/date-fns/-/date-fns-2.29.3.tgz}
    name: date-fns
    version: 2.29.3
    engines: {node: '>=0.11'}
    dev: true

  registry.npmjs.org/emoji-regex/8.0.0:
    resolution: {integrity: sha512-MSjYzcWNOA0ewAHpz0MxpYFvwg6yjy1NG3xteoqz644VCo/RPgnr1/GGt+ic3iJTzQ8Eu3TdM14SawnVUmGE6A==, registry: https://registry.npmjs.com/, tarball: https://registry.npmjs.org/emoji-regex/-/emoji-regex-8.0.0.tgz}
    name: emoji-regex
    version: 8.0.0
    dev: true

  registry.npmjs.org/escalade/3.1.1:
    resolution: {integrity: sha512-k0er2gUkLf8O0zKJiAhmkTnJlTvINGv7ygDNPbeIsX/TJjGJZHuh9B2UxbsaEkmlEo9MfhrSzmhIlhRlI2GXnw==, registry: https://registry.npmjs.com/, tarball: https://registry.npmjs.org/escalade/-/escalade-3.1.1.tgz}
    name: escalade
    version: 3.1.1
    engines: {node: '>=6'}
    dev: true

  registry.npmjs.org/get-caller-file/2.0.5:
    resolution: {integrity: sha512-DyFP3BM/3YHTQOCUL/w0OZHR0lpKeGrxotcHWcqNEdnltqFwXVfhEBQ94eIo34AfQpo0rGki4cyIiftY06h2Fg==, registry: https://registry.npmjs.com/, tarball: https://registry.npmjs.org/get-caller-file/-/get-caller-file-2.0.5.tgz}
    name: get-caller-file
    version: 2.0.5
    engines: {node: 6.* || 8.* || >= 10.*}
    dev: true

  registry.npmjs.org/has-flag/4.0.0:
    resolution: {integrity: sha512-EykJT/Q1KjTWctppgIAgfSO0tKVuZUjhgMr17kqTumMl6Afv3EISleU7qZUzoXDFTAHTDC4NOoG/ZxU3EvlMPQ==, registry: https://registry.npmjs.com/, tarball: https://registry.npmjs.org/has-flag/-/has-flag-4.0.0.tgz}
    name: has-flag
    version: 4.0.0
    engines: {node: '>=8'}
    dev: true

  registry.npmjs.org/is-fullwidth-code-point/3.0.0:
    resolution: {integrity: sha512-zymm5+u+sCsSWyD9qNaejV3DFvhCKclKdizYaJUuHA83RLjb7nSuGnddCHGv0hk+KY7BMAlsWeK4Ueg6EV6XQg==, registry: https://registry.npmjs.com/, tarball: https://registry.npmjs.org/is-fullwidth-code-point/-/is-fullwidth-code-point-3.0.0.tgz}
    name: is-fullwidth-code-point
    version: 3.0.0
    engines: {node: '>=8'}
    dev: true

  registry.npmjs.org/lodash/4.17.21:
    resolution: {integrity: sha512-v2kDEe57lecTulaDIuNTPy3Ry4gLGJ6Z1O3vE1krgXZNrsQ+LFTGHVxVjcXPs17LhbZVGedAJv8XZ1tvj5FvSg==, registry: https://registry.npmjs.com/, tarball: https://registry.npmjs.org/lodash/-/lodash-4.17.21.tgz}
    name: lodash
    version: 4.17.21
    dev: true

  registry.npmjs.org/require-directory/2.1.1:
    resolution: {integrity: sha512-fGxEI7+wsG9xrvdjsrlmL22OMTTiHRwAMroiEeMgq8gzoLC/PQr7RsRDSTLUg/bZAZtF+TVIkHc6/4RIKrui+Q==, registry: https://registry.npmjs.com/, tarball: https://registry.npmjs.org/require-directory/-/require-directory-2.1.1.tgz}
    name: require-directory
    version: 2.1.1
    engines: {node: '>=0.10.0'}
    dev: true

  registry.npmjs.org/rxjs/7.5.7:
    resolution: {integrity: sha512-z9MzKh/UcOqB3i20H6rtrlaE/CgjLOvheWK/9ILrbhROGTweAi1BaFsTT9FbwZi5Trr1qNRs+MXkhmR06awzQA==, registry: https://registry.npmjs.com/, tarball: https://registry.npmjs.org/rxjs/-/rxjs-7.5.7.tgz}
    name: rxjs
    version: 7.5.7
    dependencies:
      tslib: registry.npmjs.org/tslib/2.4.1
    dev: true

  registry.npmjs.org/shell-quote/1.7.4:
    resolution: {integrity: sha512-8o/QEhSSRb1a5i7TFR0iM4G16Z0vYB2OQVs4G3aAFXjn3T6yEx8AZxy1PgDF7I00LZHYA3WxaSYIf5e5sAX8Rw==, registry: https://registry.npmjs.com/, tarball: https://registry.npmjs.org/shell-quote/-/shell-quote-1.7.4.tgz}
    name: shell-quote
    version: 1.7.4
    dev: true

  registry.npmjs.org/spawn-command/0.0.2-1:
    resolution: {integrity: sha512-n98l9E2RMSJ9ON1AKisHzz7V42VDiBQGY6PB1BwRglz99wpVsSuGzQ+jOi6lFXBGVTCrRpltvjm+/XA+tpeJrg==, registry: https://registry.npmjs.com/, tarball: https://registry.npmjs.org/spawn-command/-/spawn-command-0.0.2-1.tgz}
    name: spawn-command
    version: 0.0.2-1
    dev: true

  registry.npmjs.org/string-width/4.2.3:
    resolution: {integrity: sha512-wKyQRQpjJ0sIp62ErSZdGsjMJWsap5oRNihHhu6G7JVO/9jIB6UyevL+tXuOqrng8j/cxKTWyWUwvSTriiZz/g==, registry: https://registry.npmjs.com/, tarball: https://registry.npmjs.org/string-width/-/string-width-4.2.3.tgz}
    name: string-width
    version: 4.2.3
    engines: {node: '>=8'}
    dependencies:
      emoji-regex: registry.npmjs.org/emoji-regex/8.0.0
      is-fullwidth-code-point: registry.npmjs.org/is-fullwidth-code-point/3.0.0
      strip-ansi: registry.npmjs.org/strip-ansi/6.0.1
    dev: true

  registry.npmjs.org/strip-ansi/6.0.1:
    resolution: {integrity: sha512-Y38VPSHcqkFrCpFnQ9vuSXmquuv5oXOKpGeT6aGrr3o3Gc9AlVa6JBfUSOCnbxGGZF+/0ooI7KrPuUSztUdU5A==, registry: https://registry.npmjs.com/, tarball: https://registry.npmjs.org/strip-ansi/-/strip-ansi-6.0.1.tgz}
    name: strip-ansi
    version: 6.0.1
    engines: {node: '>=8'}
    dependencies:
      ansi-regex: registry.npmjs.org/ansi-regex/5.0.1
    dev: true

  registry.npmjs.org/supports-color/7.2.0:
    resolution: {integrity: sha512-qpCAvRl9stuOHveKsn7HncJRvv501qIacKzQlO/+Lwxc9+0q2wLyv4Dfvt80/DPn2pqOBsJdDiogXGR9+OvwRw==, registry: https://registry.npmjs.com/, tarball: https://registry.npmjs.org/supports-color/-/supports-color-7.2.0.tgz}
    name: supports-color
    version: 7.2.0
    engines: {node: '>=8'}
    dependencies:
      has-flag: registry.npmjs.org/has-flag/4.0.0
    dev: true

  registry.npmjs.org/supports-color/8.1.1:
    resolution: {integrity: sha512-MpUEN2OodtUzxvKQl72cUF7RQ5EiHsGvSsVG0ia9c5RbWGL2CI4C7EpPS8UTBIplnlzZiNuV56w+FuNxy3ty2Q==, registry: https://registry.npmjs.com/, tarball: https://registry.npmjs.org/supports-color/-/supports-color-8.1.1.tgz}
    name: supports-color
    version: 8.1.1
    engines: {node: '>=10'}
    dependencies:
      has-flag: registry.npmjs.org/has-flag/4.0.0
    dev: true

  registry.npmjs.org/tree-kill/1.2.2:
    resolution: {integrity: sha512-L0Orpi8qGpRG//Nd+H90vFB+3iHnue1zSSGmNOOCh1GLJ7rUKVwV2HvijphGQS2UmhUZewS9VgvxYIdgr+fG1A==, registry: https://registry.npmjs.com/, tarball: https://registry.npmjs.org/tree-kill/-/tree-kill-1.2.2.tgz}
    name: tree-kill
    version: 1.2.2
    hasBin: true
    dev: true

  registry.npmjs.org/tslib/2.4.1:
    resolution: {integrity: sha512-tGyy4dAjRIEwI7BzsB0lynWgOpfqjUdq91XXAlIWD2OwKBH7oCl/GZG/HT4BOHrTlPMOASlMQ7veyTqpmRcrNA==, registry: https://registry.npmjs.com/, tarball: https://registry.npmjs.org/tslib/-/tslib-2.4.1.tgz}
    name: tslib
    version: 2.4.1
    dev: true

  registry.npmjs.org/wrap-ansi/7.0.0:
    resolution: {integrity: sha512-YVGIj2kamLSTxw6NsZjoBxfSwsn0ycdesmc4p+Q21c5zPuZ1pl+NfxVdxPtdHvmNVOQ6XSYG4AUtyt/Fi7D16Q==, registry: https://registry.npmjs.com/, tarball: https://registry.npmjs.org/wrap-ansi/-/wrap-ansi-7.0.0.tgz}
    name: wrap-ansi
    version: 7.0.0
    engines: {node: '>=10'}
    dependencies:
      ansi-styles: registry.npmjs.org/ansi-styles/4.3.0
      string-width: registry.npmjs.org/string-width/4.2.3
      strip-ansi: registry.npmjs.org/strip-ansi/6.0.1
    dev: true

  registry.npmjs.org/y18n/5.0.8:
    resolution: {integrity: sha512-0pfFzegeDWJHJIAmTLRP2DwHjdF5s7jo9tuztdQxAhINCdvS+3nGINqPd00AphqJR/0LhANUS6/+7SCb98YOfA==, registry: https://registry.npmjs.com/, tarball: https://registry.npmjs.org/y18n/-/y18n-5.0.8.tgz}
    name: y18n
    version: 5.0.8
    engines: {node: '>=10'}
    dev: true

  registry.npmjs.org/yargs-parser/21.1.1:
    resolution: {integrity: sha512-tVpsJW7DdjecAiFpbIB1e3qxIQsE6NoPc5/eTdrbbIC4h0LVsWhnoa3g+m2HclBIujHzsxZ4VJVA+GUuc2/LBw==, registry: https://registry.npmjs.com/, tarball: https://registry.npmjs.org/yargs-parser/-/yargs-parser-21.1.1.tgz}
    name: yargs-parser
    version: 21.1.1
    engines: {node: '>=12'}
    dev: true

  registry.npmjs.org/yargs/17.6.2:
    resolution: {integrity: sha512-1/9UrdHjDZc0eOU0HxOHoS78C69UD3JRMvzlJ7S79S2nTaWRA/whGCTV8o9e/N/1Va9YIV7Q4sOxD8VV4pCWOw==, registry: https://registry.npmjs.com/, tarball: https://registry.npmjs.org/yargs/-/yargs-17.6.2.tgz}
    name: yargs
    version: 17.6.2
    engines: {node: '>=12'}
    dependencies:
      cliui: registry.npmjs.org/cliui/8.0.1
      escalade: registry.npmjs.org/escalade/3.1.1
      get-caller-file: registry.npmjs.org/get-caller-file/2.0.5
      require-directory: registry.npmjs.org/require-directory/2.1.1
      string-width: registry.npmjs.org/string-width/4.2.3
      y18n: registry.npmjs.org/y18n/5.0.8
      yargs-parser: registry.npmjs.org/yargs-parser/21.1.1
    dev: true
